
Microsoft Visual Studio Solution File, Format Version 12.00
# Visual Studio Version 17
VisualStudioVersion = 17.2.32408.312
MinimumVisualStudioVersion = 10.0.40219.1
Project("{FAE04EC0-301F-11D3-BF4B-00C04F79EFBC}") = "second excercise", "second excercise\second excercise.csproj", "{869448E7-EBFB-40F4-8091-91426831CC3D}"
EndProject
Global
	GlobalSection(SolutionConfigurationPlatforms) = preSolution
		Debug|Any CPU = Debug|Any CPU
		Release|Any CPU = Release|Any CPU
	EndGlobalSection
	GlobalSection(ProjectConfigurationPlatforms) = postSolution
		{869448E7-EBFB-40F4-8091-91426831CC3D}.Debug|Any CPU.ActiveCfg = Debug|Any CPU
		{869448E7-EBFB-40F4-8091-91426831CC3D}.Debug|Any CPU.Build.0 = Debug|Any CPU
		{869448E7-EBFB-40F4-8091-91426831CC3D}.Release|Any CPU.ActiveCfg = Release|Any CPU
		{869448E7-EBFB-40F4-8091-91426831CC3D}.Release|Any CPU.Build.0 = Release|Any CPU
	EndGlobalSection
	GlobalSection(SolutionProperties) = preSolution
		HideSolutionNode = FALSE
	EndGlobalSection
	GlobalSection(ExtensibilityGlobals) = postSolution
		SolutionGuid = {6E03D1D8-35A2-4817-9229-0B0745A7F77E}
	EndGlobalSection
EndGlobal
